// !$*UTF8*$!
{
	archiveVersion = 1;
	classes = {
	};
	objectVersion = 51;
	objects = {

/* Begin PBXBuildFile section */
		236D1A7A2617A31900A87F9B /* ProfileController.swift in Sources */ = {isa = PBXBuildFile; fileRef = 236D1A792617A31900A87F9B /* ProfileController.swift */; };
		236D1A852618177D00A87F9B /* Profile.swift in Sources */ = {isa = PBXBuildFile; fileRef = 236D1A842618177D00A87F9B /* Profile.swift */; };
		236D1A8A26181D8F00A87F9B /* MedViewController.swift in Sources */ = {isa = PBXBuildFile; fileRef = 236D1A8926181D8F00A87F9B /* MedViewController.swift */; };
		237B966F261F525B0023D4EB /* AddMedicationController.swift in Sources */ = {isa = PBXBuildFile; fileRef = 237B966E261F525B0023D4EB /* AddMedicationController.swift */; };
		237B967F261FA9DC0023D4EB /* EnterMedInfoController.swift in Sources */ = {isa = PBXBuildFile; fileRef = 237B967E261FA9DC0023D4EB /* EnterMedInfoController.swift */; };
		239E8E972616E38B00AFAF31 /* AppDelegate.swift in Sources */ = {isa = PBXBuildFile; fileRef = 239E8E962616E38B00AFAF31 /* AppDelegate.swift */; };
		239E8E992616E38B00AFAF31 /* SceneDelegate.swift in Sources */ = {isa = PBXBuildFile; fileRef = 239E8E982616E38B00AFAF31 /* SceneDelegate.swift */; };
		239E8E9B2616E38B00AFAF31 /* ViewController.swift in Sources */ = {isa = PBXBuildFile; fileRef = 239E8E9A2616E38B00AFAF31 /* ViewController.swift */; };
		239E8E9E2616E38B00AFAF31 /* Main.storyboard in Resources */ = {isa = PBXBuildFile; fileRef = 239E8E9C2616E38B00AFAF31 /* Main.storyboard */; };
		239E8EA02616E38E00AFAF31 /* Assets.xcassets in Resources */ = {isa = PBXBuildFile; fileRef = 239E8E9F2616E38E00AFAF31 /* Assets.xcassets */; };
		239E8EA32616E38E00AFAF31 /* LaunchScreen.storyboard in Resources */ = {isa = PBXBuildFile; fileRef = 239E8EA12616E38E00AFAF31 /* LaunchScreen.storyboard */; };
		239E8EAE2616E38E00AFAF31 /* CIS195FinalProjectTests.swift in Sources */ = {isa = PBXBuildFile; fileRef = 239E8EAD2616E38E00AFAF31 /* CIS195FinalProjectTests.swift */; };
		239E8EB92616E38E00AFAF31 /* CIS195FinalProjectUITests.swift in Sources */ = {isa = PBXBuildFile; fileRef = 239E8EB82616E38E00AFAF31 /* CIS195FinalProjectUITests.swift */; };
		23B1A3682638AA480004ECE1 /* SignInController.swift in Sources */ = {isa = PBXBuildFile; fileRef = 23B1A3672638AA480004ECE1 /* SignInController.swift */; };
		23FCE4832630839D0022D408 /* GoogleService-Info.plist in Resources */ = {isa = PBXBuildFile; fileRef = 23FCE4822630839D0022D408 /* GoogleService-Info.plist */; };
		3937CF3E00D43991BB5F602B /* Pods_CIS195FinalProject.framework in Frameworks */ = {isa = PBXBuildFile; fileRef = FDCA34C9917C494F17FA9DFF /* Pods_CIS195FinalProject.framework */; };
		5B9F488AF728837111945B48 /* Pods_CIS195FinalProjectTests.framework in Frameworks */ = {isa = PBXBuildFile; fileRef = 25339E211F92EE0C19F3A80C /* Pods_CIS195FinalProjectTests.framework */; };
		BCCE7A54B77E0597639C9506 /* Pods_CIS195FinalProject_CIS195FinalProjectUITests.framework in Frameworks */ = {isa = PBXBuildFile; fileRef = A53F5086E5545785E0DD603E /* Pods_CIS195FinalProject_CIS195FinalProjectUITests.framework */; };
/* End PBXBuildFile section */

/* Begin PBXContainerItemProxy section */
		239E8EAA2616E38E00AFAF31 /* PBXContainerItemProxy */ = {
			isa = PBXContainerItemProxy;
			containerPortal = 239E8E8B2616E38B00AFAF31 /* Project object */;
			proxyType = 1;
			remoteGlobalIDString = 239E8E922616E38B00AFAF31;
			remoteInfo = CIS195FinalProject;
		};
		239E8EB52616E38E00AFAF31 /* PBXContainerItemProxy */ = {
			isa = PBXContainerItemProxy;
			containerPortal = 239E8E8B2616E38B00AFAF31 /* Project object */;
			proxyType = 1;
			remoteGlobalIDString = 239E8E922616E38B00AFAF31;
			remoteInfo = CIS195FinalProject;
		};
/* End PBXContainerItemProxy section */

/* Begin PBXFileReference section */
		042E672BDCF4206E3D2233A1 /* Pods-CIS195FinalProject.release.xcconfig */ = {isa = PBXFileReference; includeInIndex = 1; lastKnownFileType = text.xcconfig; name = "Pods-CIS195FinalProject.release.xcconfig"; path = "Target Support Files/Pods-CIS195FinalProject/Pods-CIS195FinalProject.release.xcconfig"; sourceTree = "<group>"; };
		236D1A792617A31900A87F9B /* ProfileController.swift */ = {isa = PBXFileReference; lastKnownFileType = sourcecode.swift; path = ProfileController.swift; sourceTree = "<group>"; };
		236D1A842618177D00A87F9B /* Profile.swift */ = {isa = PBXFileReference; lastKnownFileType = sourcecode.swift; path = Profile.swift; sourceTree = "<group>"; };
		236D1A8926181D8F00A87F9B /* MedViewController.swift */ = {isa = PBXFileReference; lastKnownFileType = sourcecode.swift; path = MedViewController.swift; sourceTree = "<group>"; };
		237B966E261F525B0023D4EB /* AddMedicationController.swift */ = {isa = PBXFileReference; lastKnownFileType = sourcecode.swift; path = AddMedicationController.swift; sourceTree = "<group>"; };
		237B967E261FA9DC0023D4EB /* EnterMedInfoController.swift */ = {isa = PBXFileReference; lastKnownFileType = sourcecode.swift; path = EnterMedInfoController.swift; sourceTree = "<group>"; };
		239E8E932616E38B00AFAF31 /* CIS195FinalProject.app */ = {isa = PBXFileReference; explicitFileType = wrapper.application; includeInIndex = 0; path = CIS195FinalProject.app; sourceTree = BUILT_PRODUCTS_DIR; };
		239E8E962616E38B00AFAF31 /* AppDelegate.swift */ = {isa = PBXFileReference; lastKnownFileType = sourcecode.swift; path = AppDelegate.swift; sourceTree = "<group>"; };
		239E8E982616E38B00AFAF31 /* SceneDelegate.swift */ = {isa = PBXFileReference; lastKnownFileType = sourcecode.swift; path = SceneDelegate.swift; sourceTree = "<group>"; };
		239E8E9A2616E38B00AFAF31 /* ViewController.swift */ = {isa = PBXFileReference; lastKnownFileType = sourcecode.swift; path = ViewController.swift; sourceTree = "<group>"; };
		239E8E9D2616E38B00AFAF31 /* Base */ = {isa = PBXFileReference; lastKnownFileType = file.storyboard; name = Base; path = Base.lproj/Main.storyboard; sourceTree = "<group>"; };
		239E8E9F2616E38E00AFAF31 /* Assets.xcassets */ = {isa = PBXFileReference; lastKnownFileType = folder.assetcatalog; path = Assets.xcassets; sourceTree = "<group>"; };
		239E8EA22616E38E00AFAF31 /* Base */ = {isa = PBXFileReference; lastKnownFileType = file.storyboard; name = Base; path = Base.lproj/LaunchScreen.storyboard; sourceTree = "<group>"; };
		239E8EA42616E38E00AFAF31 /* Info.plist */ = {isa = PBXFileReference; lastKnownFileType = text.plist.xml; path = Info.plist; sourceTree = "<group>"; };
		239E8EA92616E38E00AFAF31 /* CIS195FinalProjectTests.xctest */ = {isa = PBXFileReference; explicitFileType = wrapper.cfbundle; includeInIndex = 0; path = CIS195FinalProjectTests.xctest; sourceTree = BUILT_PRODUCTS_DIR; };
		239E8EAD2616E38E00AFAF31 /* CIS195FinalProjectTests.swift */ = {isa = PBXFileReference; lastKnownFileType = sourcecode.swift; path = CIS195FinalProjectTests.swift; sourceTree = "<group>"; };
		239E8EAF2616E38E00AFAF31 /* Info.plist */ = {isa = PBXFileReference; lastKnownFileType = text.plist.xml; path = Info.plist; sourceTree = "<group>"; };
		239E8EB42616E38E00AFAF31 /* CIS195FinalProjectUITests.xctest */ = {isa = PBXFileReference; explicitFileType = wrapper.cfbundle; includeInIndex = 0; path = CIS195FinalProjectUITests.xctest; sourceTree = BUILT_PRODUCTS_DIR; };
		239E8EB82616E38E00AFAF31 /* CIS195FinalProjectUITests.swift */ = {isa = PBXFileReference; lastKnownFileType = sourcecode.swift; path = CIS195FinalProjectUITests.swift; sourceTree = "<group>"; };
		239E8EBA2616E38E00AFAF31 /* Info.plist */ = {isa = PBXFileReference; lastKnownFileType = text.plist.xml; path = Info.plist; sourceTree = "<group>"; };
		23B1A3672638AA480004ECE1 /* SignInController.swift */ = {isa = PBXFileReference; lastKnownFileType = sourcecode.swift; path = SignInController.swift; sourceTree = "<group>"; };
		23FCE4822630839D0022D408 /* GoogleService-Info.plist */ = {isa = PBXFileReference; fileEncoding = 4; lastKnownFileType = text.plist.xml; path = "GoogleService-Info.plist"; sourceTree = "<group>"; };
		24D5EDCF7E2593820CB674D3 /* Pods-CIS195FinalProjectTests.release.xcconfig */ = {isa = PBXFileReference; includeInIndex = 1; lastKnownFileType = text.xcconfig; name = "Pods-CIS195FinalProjectTests.release.xcconfig"; path = "Target Support Files/Pods-CIS195FinalProjectTests/Pods-CIS195FinalProjectTests.release.xcconfig"; sourceTree = "<group>"; };
		25339E211F92EE0C19F3A80C /* Pods_CIS195FinalProjectTests.framework */ = {isa = PBXFileReference; explicitFileType = wrapper.framework; includeInIndex = 0; path = Pods_CIS195FinalProjectTests.framework; sourceTree = BUILT_PRODUCTS_DIR; };
		45EF37CC586C040DF1FD065E /* Pods-CIS195FinalProject-CIS195FinalProjectUITests.debug.xcconfig */ = {isa = PBXFileReference; includeInIndex = 1; lastKnownFileType = text.xcconfig; name = "Pods-CIS195FinalProject-CIS195FinalProjectUITests.debug.xcconfig"; path = "Target Support Files/Pods-CIS195FinalProject-CIS195FinalProjectUITests/Pods-CIS195FinalProject-CIS195FinalProjectUITests.debug.xcconfig"; sourceTree = "<group>"; };
		6FD54000ACE0CF488A0C3260 /* Pods-CIS195FinalProject.debug.xcconfig */ = {isa = PBXFileReference; includeInIndex = 1; lastKnownFileType = text.xcconfig; name = "Pods-CIS195FinalProject.debug.xcconfig"; path = "Target Support Files/Pods-CIS195FinalProject/Pods-CIS195FinalProject.debug.xcconfig"; sourceTree = "<group>"; };
		9F440FB2FFC176700CD70E05 /* Pods-CIS195FinalProjectTests.debug.xcconfig */ = {isa = PBXFileReference; includeInIndex = 1; lastKnownFileType = text.xcconfig; name = "Pods-CIS195FinalProjectTests.debug.xcconfig"; path = "Target Support Files/Pods-CIS195FinalProjectTests/Pods-CIS195FinalProjectTests.debug.xcconfig"; sourceTree = "<group>"; };
		A53F5086E5545785E0DD603E /* Pods_CIS195FinalProject_CIS195FinalProjectUITests.framework */ = {isa = PBXFileReference; explicitFileType = wrapper.framework; includeInIndex = 0; path = Pods_CIS195FinalProject_CIS195FinalProjectUITests.framework; sourceTree = BUILT_PRODUCTS_DIR; };
		FDCA34C9917C494F17FA9DFF /* Pods_CIS195FinalProject.framework */ = {isa = PBXFileReference; explicitFileType = wrapper.framework; includeInIndex = 0; path = Pods_CIS195FinalProject.framework; sourceTree = BUILT_PRODUCTS_DIR; };
		FE4D84E16F732B8A42ADBF97 /* Pods-CIS195FinalProject-CIS195FinalProjectUITests.release.xcconfig */ = {isa = PBXFileReference; includeInIndex = 1; lastKnownFileType = text.xcconfig; name = "Pods-CIS195FinalProject-CIS195FinalProjectUITests.release.xcconfig"; path = "Target Support Files/Pods-CIS195FinalProject-CIS195FinalProjectUITests/Pods-CIS195FinalProject-CIS195FinalProjectUITests.release.xcconfig"; sourceTree = "<group>"; };
/* End PBXFileReference section */

/* Begin PBXFrameworksBuildPhase section */
		239E8E902616E38B00AFAF31 /* Frameworks */ = {
			isa = PBXFrameworksBuildPhase;
			buildActionMask = 2147483647;
			files = (
				3937CF3E00D43991BB5F602B /* Pods_CIS195FinalProject.framework in Frameworks */,
			);
			runOnlyForDeploymentPostprocessing = 0;
		};
		239E8EA62616E38E00AFAF31 /* Frameworks */ = {
			isa = PBXFrameworksBuildPhase;
			buildActionMask = 2147483647;
			files = (
				5B9F488AF728837111945B48 /* Pods_CIS195FinalProjectTests.framework in Frameworks */,
			);
			runOnlyForDeploymentPostprocessing = 0;
		};
		239E8EB12616E38E00AFAF31 /* Frameworks */ = {
			isa = PBXFrameworksBuildPhase;
			buildActionMask = 2147483647;
			files = (
				BCCE7A54B77E0597639C9506 /* Pods_CIS195FinalProject_CIS195FinalProjectUITests.framework in Frameworks */,
			);
			runOnlyForDeploymentPostprocessing = 0;
		};
/* End PBXFrameworksBuildPhase section */

/* Begin PBXGroup section */
		239E8E8A2616E38B00AFAF31 = {
			isa = PBXGroup;
			children = (
				239E8E952616E38B00AFAF31 /* CIS195FinalProject */,
				239E8EAC2616E38E00AFAF31 /* CIS195FinalProjectTests */,
				239E8EB72616E38E00AFAF31 /* CIS195FinalProjectUITests */,
				239E8E942616E38B00AFAF31 /* Products */,
				439B019D427B284FF9756D50 /* Pods */,
				88C550B5DEA97EDB55CAE3B1 /* Frameworks */,
			);
			sourceTree = "<group>";
		};
		239E8E942616E38B00AFAF31 /* Products */ = {
			isa = PBXGroup;
			children = (
				239E8E932616E38B00AFAF31 /* CIS195FinalProject.app */,
				239E8EA92616E38E00AFAF31 /* CIS195FinalProjectTests.xctest */,
				239E8EB42616E38E00AFAF31 /* CIS195FinalProjectUITests.xctest */,
			);
			name = Products;
			sourceTree = "<group>";
		};
		239E8E952616E38B00AFAF31 /* CIS195FinalProject */ = {
			isa = PBXGroup;
			children = (
				239E8E962616E38B00AFAF31 /* AppDelegate.swift */,
				239E8E982616E38B00AFAF31 /* SceneDelegate.swift */,
				239E8E9A2616E38B00AFAF31 /* ViewController.swift */,
				23B1A3672638AA480004ECE1 /* SignInController.swift */,
				239E8E9C2616E38B00AFAF31 /* Main.storyboard */,
				239E8E9F2616E38E00AFAF31 /* Assets.xcassets */,
				239E8EA12616E38E00AFAF31 /* LaunchScreen.storyboard */,
				239E8EA42616E38E00AFAF31 /* Info.plist */,
				236D1A792617A31900A87F9B /* ProfileController.swift */,
				236D1A842618177D00A87F9B /* Profile.swift */,
				236D1A8926181D8F00A87F9B /* MedViewController.swift */,
				237B966E261F525B0023D4EB /* AddMedicationController.swift */,
				237B967E261FA9DC0023D4EB /* EnterMedInfoController.swift */,
				23FCE4822630839D0022D408 /* GoogleService-Info.plist */,
			);
			path = CIS195FinalProject;
			sourceTree = "<group>";
		};
		239E8EAC2616E38E00AFAF31 /* CIS195FinalProjectTests */ = {
			isa = PBXGroup;
			children = (
				239E8EAD2616E38E00AFAF31 /* CIS195FinalProjectTests.swift */,
				239E8EAF2616E38E00AFAF31 /* Info.plist */,
			);
			path = CIS195FinalProjectTests;
			sourceTree = "<group>";
		};
		239E8EB72616E38E00AFAF31 /* CIS195FinalProjectUITests */ = {
			isa = PBXGroup;
			children = (
				239E8EB82616E38E00AFAF31 /* CIS195FinalProjectUITests.swift */,
				239E8EBA2616E38E00AFAF31 /* Info.plist */,
			);
			path = CIS195FinalProjectUITests;
			sourceTree = "<group>";
		};
		439B019D427B284FF9756D50 /* Pods */ = {
			isa = PBXGroup;
			children = (
				6FD54000ACE0CF488A0C3260 /* Pods-CIS195FinalProject.debug.xcconfig */,
				042E672BDCF4206E3D2233A1 /* Pods-CIS195FinalProject.release.xcconfig */,
				45EF37CC586C040DF1FD065E /* Pods-CIS195FinalProject-CIS195FinalProjectUITests.debug.xcconfig */,
				FE4D84E16F732B8A42ADBF97 /* Pods-CIS195FinalProject-CIS195FinalProjectUITests.release.xcconfig */,
				9F440FB2FFC176700CD70E05 /* Pods-CIS195FinalProjectTests.debug.xcconfig */,
				24D5EDCF7E2593820CB674D3 /* Pods-CIS195FinalProjectTests.release.xcconfig */,
			);
			path = Pods;
			sourceTree = "<group>";
		};
		88C550B5DEA97EDB55CAE3B1 /* Frameworks */ = {
			isa = PBXGroup;
			children = (
				FDCA34C9917C494F17FA9DFF /* Pods_CIS195FinalProject.framework */,
				A53F5086E5545785E0DD603E /* Pods_CIS195FinalProject_CIS195FinalProjectUITests.framework */,
				25339E211F92EE0C19F3A80C /* Pods_CIS195FinalProjectTests.framework */,
			);
			name = Frameworks;
			sourceTree = "<group>";
		};
/* End PBXGroup section */

/* Begin PBXNativeTarget section */
		239E8E922616E38B00AFAF31 /* CIS195FinalProject */ = {
			isa = PBXNativeTarget;
			buildConfigurationList = 239E8EBD2616E38E00AFAF31 /* Build configuration list for PBXNativeTarget "CIS195FinalProject" */;
			buildPhases = (
				1FAB5CBD78BF8417A67E2463 /* [CP] Check Pods Manifest.lock */,
				239E8E8F2616E38B00AFAF31 /* Sources */,
				239E8E902616E38B00AFAF31 /* Frameworks */,
				239E8E912616E38B00AFAF31 /* Resources */,
				D8C91AFE9D6BB1120A1C3B1B /* [CP] Embed Pods Frameworks */,
				8D06921FD0E59C4DED5C315E /* [CP] Copy Pods Resources */,
			);
			buildRules = (
			);
			dependencies = (
			);
			name = CIS195FinalProject;
			productName = CIS195FinalProject;
			productReference = 239E8E932616E38B00AFAF31 /* CIS195FinalProject.app */;
			productType = "com.apple.product-type.application";
		};
		239E8EA82616E38E00AFAF31 /* CIS195FinalProjectTests */ = {
			isa = PBXNativeTarget;
			buildConfigurationList = 239E8EC02616E38E00AFAF31 /* Build configuration list for PBXNativeTarget "CIS195FinalProjectTests" */;
			buildPhases = (
				7A54D09D0413345A19A629BF /* [CP] Check Pods Manifest.lock */,
				239E8EA52616E38E00AFAF31 /* Sources */,
				239E8EA62616E38E00AFAF31 /* Frameworks */,
				239E8EA72616E38E00AFAF31 /* Resources */,
			);
			buildRules = (
			);
			dependencies = (
				239E8EAB2616E38E00AFAF31 /* PBXTargetDependency */,
			);
			name = CIS195FinalProjectTests;
			productName = CIS195FinalProjectTests;
			productReference = 239E8EA92616E38E00AFAF31 /* CIS195FinalProjectTests.xctest */;
			productType = "com.apple.product-type.bundle.unit-test";
		};
		239E8EB32616E38E00AFAF31 /* CIS195FinalProjectUITests */ = {
			isa = PBXNativeTarget;
			buildConfigurationList = 239E8EC32616E38E00AFAF31 /* Build configuration list for PBXNativeTarget "CIS195FinalProjectUITests" */;
			buildPhases = (
				41DFB09CF622DAA68AE8BFF2 /* [CP] Check Pods Manifest.lock */,
				239E8EB02616E38E00AFAF31 /* Sources */,
				239E8EB12616E38E00AFAF31 /* Frameworks */,
				239E8EB22616E38E00AFAF31 /* Resources */,
				A336E543D163BB22E7257E54 /* [CP] Embed Pods Frameworks */,
				9B5D6061BA5397A51416EF6D /* [CP] Copy Pods Resources */,
			);
			buildRules = (
			);
			dependencies = (
				239E8EB62616E38E00AFAF31 /* PBXTargetDependency */,
			);
			name = CIS195FinalProjectUITests;
			productName = CIS195FinalProjectUITests;
			productReference = 239E8EB42616E38E00AFAF31 /* CIS195FinalProjectUITests.xctest */;
			productType = "com.apple.product-type.bundle.ui-testing";
		};
/* End PBXNativeTarget section */

/* Begin PBXProject section */
		239E8E8B2616E38B00AFAF31 /* Project object */ = {
			isa = PBXProject;
			attributes = {
				LastSwiftUpdateCheck = 1240;
				LastUpgradeCheck = 1240;
				TargetAttributes = {
					239E8E922616E38B00AFAF31 = {
						CreatedOnToolsVersion = 12.4;
					};
					239E8EA82616E38E00AFAF31 = {
						CreatedOnToolsVersion = 12.4;
						TestTargetID = 239E8E922616E38B00AFAF31;
					};
					239E8EB32616E38E00AFAF31 = {
						CreatedOnToolsVersion = 12.4;
						TestTargetID = 239E8E922616E38B00AFAF31;
					};
				};
			};
			buildConfigurationList = 239E8E8E2616E38B00AFAF31 /* Build configuration list for PBXProject "CIS195FinalProject" */;
			compatibilityVersion = "Xcode 9.3";
			developmentRegion = en;
			hasScannedForEncodings = 0;
			knownRegions = (
				en,
				Base,
			);
			mainGroup = 239E8E8A2616E38B00AFAF31;
			productRefGroup = 239E8E942616E38B00AFAF31 /* Products */;
			projectDirPath = "";
			projectRoot = "";
			targets = (
				239E8E922616E38B00AFAF31 /* CIS195FinalProject */,
				239E8EA82616E38E00AFAF31 /* CIS195FinalProjectTests */,
				239E8EB32616E38E00AFAF31 /* CIS195FinalProjectUITests */,
			);
		};
/* End PBXProject section */

/* Begin PBXResourcesBuildPhase section */
		239E8E912616E38B00AFAF31 /* Resources */ = {
			isa = PBXResourcesBuildPhase;
			buildActionMask = 2147483647;
			files = (
				23FCE4832630839D0022D408 /* GoogleService-Info.plist in Resources */,
				239E8EA32616E38E00AFAF31 /* LaunchScreen.storyboard in Resources */,
				239E8EA02616E38E00AFAF31 /* Assets.xcassets in Resources */,
				239E8E9E2616E38B00AFAF31 /* Main.storyboard in Resources */,
			);
			runOnlyForDeploymentPostprocessing = 0;
		};
		239E8EA72616E38E00AFAF31 /* Resources */ = {
			isa = PBXResourcesBuildPhase;
			buildActionMask = 2147483647;
			files = (
			);
			runOnlyForDeploymentPostprocessing = 0;
		};
		239E8EB22616E38E00AFAF31 /* Resources */ = {
			isa = PBXResourcesBuildPhase;
			buildActionMask = 2147483647;
			files = (
			);
			runOnlyForDeploymentPostprocessing = 0;
		};
/* End PBXResourcesBuildPhase section */

/* Begin PBXShellScriptBuildPhase section */
		1FAB5CBD78BF8417A67E2463 /* [CP] Check Pods Manifest.lock */ = {
			isa = PBXShellScriptBuildPhase;
			buildActionMask = 2147483647;
			files = (
			);
			inputFileListPaths = (
			);
			inputPaths = (
				"${PODS_PODFILE_DIR_PATH}/Podfile.lock",
				"${PODS_ROOT}/Manifest.lock",
			);
			name = "[CP] Check Pods Manifest.lock";
			outputFileListPaths = (
			);
			outputPaths = (
				"$(DERIVED_FILE_DIR)/Pods-CIS195FinalProject-checkManifestLockResult.txt",
			);
			runOnlyForDeploymentPostprocessing = 0;
			shellPath = /bin/sh;
			shellScript = "diff \"${PODS_PODFILE_DIR_PATH}/Podfile.lock\" \"${PODS_ROOT}/Manifest.lock\" > /dev/null\nif [ $? != 0 ] ; then\n    # print error to STDERR\n    echo \"error: The sandbox is not in sync with the Podfile.lock. Run 'pod install' or update your CocoaPods installation.\" >&2\n    exit 1\nfi\n# This output is used by Xcode 'outputs' to avoid re-running this script phase.\necho \"SUCCESS\" > \"${SCRIPT_OUTPUT_FILE_0}\"\n";
			showEnvVarsInLog = 0;
		};
		41DFB09CF622DAA68AE8BFF2 /* [CP] Check Pods Manifest.lock */ = {
			isa = PBXShellScriptBuildPhase;
			buildActionMask = 2147483647;
			files = (
			);
			inputFileListPaths = (
			);
			inputPaths = (
				"${PODS_PODFILE_DIR_PATH}/Podfile.lock",
				"${PODS_ROOT}/Manifest.lock",
			);
			name = "[CP] Check Pods Manifest.lock";
			outputFileListPaths = (
			);
			outputPaths = (
				"$(DERIVED_FILE_DIR)/Pods-CIS195FinalProject-CIS195FinalProjectUITests-checkManifestLockResult.txt",
			);
			runOnlyForDeploymentPostprocessing = 0;
			shellPath = /bin/sh;
			shellScript = "diff \"${PODS_PODFILE_DIR_PATH}/Podfile.lock\" \"${PODS_ROOT}/Manifest.lock\" > /dev/null\nif [ $? != 0 ] ; then\n    # print error to STDERR\n    echo \"error: The sandbox is not in sync with the Podfile.lock. Run 'pod install' or update your CocoaPods installation.\" >&2\n    exit 1\nfi\n# This output is used by Xcode 'outputs' to avoid re-running this script phase.\necho \"SUCCESS\" > \"${SCRIPT_OUTPUT_FILE_0}\"\n";
			showEnvVarsInLog = 0;
		};
		7A54D09D0413345A19A629BF /* [CP] Check Pods Manifest.lock */ = {
			isa = PBXShellScriptBuildPhase;
			buildActionMask = 2147483647;
			files = (
			);
			inputFileListPaths = (
			);
			inputPaths = (
				"${PODS_PODFILE_DIR_PATH}/Podfile.lock",
				"${PODS_ROOT}/Manifest.lock",
			);
			name = "[CP] Check Pods Manifest.lock";
			outputFileListPaths = (
			);
			outputPaths = (
				"$(DERIVED_FILE_DIR)/Pods-CIS195FinalProjectTests-checkManifestLockResult.txt",
			);
			runOnlyForDeploymentPostprocessing = 0;
			shellPath = /bin/sh;
			shellScript = "diff \"${PODS_PODFILE_DIR_PATH}/Podfile.lock\" \"${PODS_ROOT}/Manifest.lock\" > /dev/null\nif [ $? != 0 ] ; then\n    # print error to STDERR\n    echo \"error: The sandbox is not in sync with the Podfile.lock. Run 'pod install' or update your CocoaPods installation.\" >&2\n    exit 1\nfi\n# This output is used by Xcode 'outputs' to avoid re-running this script phase.\necho \"SUCCESS\" > \"${SCRIPT_OUTPUT_FILE_0}\"\n";
			showEnvVarsInLog = 0;
		};
		8D06921FD0E59C4DED5C315E /* [CP] Copy Pods Resources */ = {
			isa = PBXShellScriptBuildPhase;
			buildActionMask = 2147483647;
			files = (
			);
			inputFileListPaths = (
				"${PODS_ROOT}/Target Support Files/Pods-CIS195FinalProject/Pods-CIS195FinalProject-resources-${CONFIGURATION}-input-files.xcfilelist",
			);
			name = "[CP] Copy Pods Resources";
			outputFileListPaths = (
				"${PODS_ROOT}/Target Support Files/Pods-CIS195FinalProject/Pods-CIS195FinalProject-resources-${CONFIGURATION}-output-files.xcfilelist",
			);
			runOnlyForDeploymentPostprocessing = 0;
			shellPath = /bin/sh;
			shellScript = "\"${PODS_ROOT}/Target Support Files/Pods-CIS195FinalProject/Pods-CIS195FinalProject-resources.sh\"\n";
			showEnvVarsInLog = 0;
		};
		9B5D6061BA5397A51416EF6D /* [CP] Copy Pods Resources */ = {
			isa = PBXShellScriptBuildPhase;
			buildActionMask = 2147483647;
			files = (
			);
			inputFileListPaths = (
				"${PODS_ROOT}/Target Support Files/Pods-CIS195FinalProject-CIS195FinalProjectUITests/Pods-CIS195FinalProject-CIS195FinalProjectUITests-resources-${CONFIGURATION}-input-files.xcfilelist",
			);
			name = "[CP] Copy Pods Resources";
			outputFileListPaths = (
				"${PODS_ROOT}/Target Support Files/Pods-CIS195FinalProject-CIS195FinalProjectUITests/Pods-CIS195FinalProject-CIS195FinalProjectUITests-resources-${CONFIGURATION}-output-files.xcfilelist",
			);
			runOnlyForDeploymentPostprocessing = 0;
			shellPath = /bin/sh;
			shellScript = "\"${PODS_ROOT}/Target Support Files/Pods-CIS195FinalProject-CIS195FinalProjectUITests/Pods-CIS195FinalProject-CIS195FinalProjectUITests-resources.sh\"\n";
			showEnvVarsInLog = 0;
		};
		A336E543D163BB22E7257E54 /* [CP] Embed Pods Frameworks */ = {
			isa = PBXShellScriptBuildPhase;
			buildActionMask = 2147483647;
			files = (
			);
			inputFileListPaths = (
				"${PODS_ROOT}/Target Support Files/Pods-CIS195FinalProject-CIS195FinalProjectUITests/Pods-CIS195FinalProject-CIS195FinalProjectUITests-frameworks-${CONFIGURATION}-input-files.xcfilelist",
			);
			name = "[CP] Embed Pods Frameworks";
			outputFileListPaths = (
				"${PODS_ROOT}/Target Support Files/Pods-CIS195FinalProject-CIS195FinalProjectUITests/Pods-CIS195FinalProject-CIS195FinalProjectUITests-frameworks-${CONFIGURATION}-output-files.xcfilelist",
			);
			runOnlyForDeploymentPostprocessing = 0;
			shellPath = /bin/sh;
			shellScript = "\"${PODS_ROOT}/Target Support Files/Pods-CIS195FinalProject-CIS195FinalProjectUITests/Pods-CIS195FinalProject-CIS195FinalProjectUITests-frameworks.sh\"\n";
			showEnvVarsInLog = 0;
		};
		D8C91AFE9D6BB1120A1C3B1B /* [CP] Embed Pods Frameworks */ = {
			isa = PBXShellScriptBuildPhase;
			buildActionMask = 2147483647;
			files = (
			);
			inputFileListPaths = (
				"${PODS_ROOT}/Target Support Files/Pods-CIS195FinalProject/Pods-CIS195FinalProject-frameworks-${CONFIGURATION}-input-files.xcfilelist",
			);
			name = "[CP] Embed Pods Frameworks";
			outputFileListPaths = (
				"${PODS_ROOT}/Target Support Files/Pods-CIS195FinalProject/Pods-CIS195FinalProject-frameworks-${CONFIGURATION}-output-files.xcfilelist",
			);
			runOnlyForDeploymentPostprocessing = 0;
			shellPath = /bin/sh;
			shellScript = "\"${PODS_ROOT}/Target Support Files/Pods-CIS195FinalProject/Pods-CIS195FinalProject-frameworks.sh\"\n";
			showEnvVarsInLog = 0;
		};
/* End PBXShellScriptBuildPhase section */

/* Begin PBXSourcesBuildPhase section */
		239E8E8F2616E38B00AFAF31 /* Sources */ = {
			isa = PBXSourcesBuildPhase;
			buildActionMask = 2147483647;
			files = (
				239E8E9B2616E38B00AFAF31 /* ViewController.swift in Sources */,
				236D1A852618177D00A87F9B /* Profile.swift in Sources */,
				239E8E972616E38B00AFAF31 /* AppDelegate.swift in Sources */,
				23B1A3682638AA480004ECE1 /* SignInController.swift in Sources */,
				237B967F261FA9DC0023D4EB /* EnterMedInfoController.swift in Sources */,
				236D1A8A26181D8F00A87F9B /* MedViewController.swift in Sources */,
				239E8E992616E38B00AFAF31 /* SceneDelegate.swift in Sources */,
				236D1A7A2617A31900A87F9B /* ProfileController.swift in Sources */,
				237B966F261F525B0023D4EB /* AddMedicationController.swift in Sources */,
			);
			runOnlyForDeploymentPostprocessing = 0;
		};
		239E8EA52616E38E00AFAF31 /* Sources */ = {
			isa = PBXSourcesBuildPhase;
			buildActionMask = 2147483647;
			files = (
				239E8EAE2616E38E00AFAF31 /* CIS195FinalProjectTests.swift in Sources */,
			);
			runOnlyForDeploymentPostprocessing = 0;
		};
		239E8EB02616E38E00AFAF31 /* Sources */ = {
			isa = PBXSourcesBuildPhase;
			buildActionMask = 2147483647;
			files = (
				239E8EB92616E38E00AFAF31 /* CIS195FinalProjectUITests.swift in Sources */,
			);
			runOnlyForDeploymentPostprocessing = 0;
		};
/* End PBXSourcesBuildPhase section */

/* Begin PBXTargetDependency section */
		239E8EAB2616E38E00AFAF31 /* PBXTargetDependency */ = {
			isa = PBXTargetDependency;
			target = 239E8E922616E38B00AFAF31 /* CIS195FinalProject */;
			targetProxy = 239E8EAA2616E38E00AFAF31 /* PBXContainerItemProxy */;
		};
		239E8EB62616E38E00AFAF31 /* PBXTargetDependency */ = {
			isa = PBXTargetDependency;
			target = 239E8E922616E38B00AFAF31 /* CIS195FinalProject */;
			targetProxy = 239E8EB52616E38E00AFAF31 /* PBXContainerItemProxy */;
		};
/* End PBXTargetDependency section */

/* Begin PBXVariantGroup section */
		239E8E9C2616E38B00AFAF31 /* Main.storyboard */ = {
			isa = PBXVariantGroup;
			children = (
				239E8E9D2616E38B00AFAF31 /* Base */,
			);
			name = Main.storyboard;
			sourceTree = "<group>";
		};
		239E8EA12616E38E00AFAF31 /* LaunchScreen.storyboard */ = {
			isa = PBXVariantGroup;
			children = (
				239E8EA22616E38E00AFAF31 /* Base */,
			);
			name = LaunchScreen.storyboard;
			sourceTree = "<group>";
		};
/* End PBXVariantGroup section */

/* Begin XCBuildConfiguration section */
		239E8EBB2616E38E00AFAF31 /* Debug */ = {
			isa = XCBuildConfiguration;
			buildSettings = {
				ALWAYS_SEARCH_USER_PATHS = NO;
				CLANG_ANALYZER_NONNULL = YES;
				CLANG_ANALYZER_NUMBER_OBJECT_CONVERSION = YES_AGGRESSIVE;
				CLANG_CXX_LANGUAGE_STANDARD = "gnu++14";
				CLANG_CXX_LIBRARY = "libc++";
				CLANG_ENABLE_MODULES = YES;
				CLANG_ENABLE_OBJC_ARC = YES;
				CLANG_ENABLE_OBJC_WEAK = YES;
				CLANG_WARN_BLOCK_CAPTURE_AUTORELEASING = YES;
				CLANG_WARN_BOOL_CONVERSION = YES;
				CLANG_WARN_COMMA = YES;
				CLANG_WARN_CONSTANT_CONVERSION = YES;
				CLANG_WARN_DEPRECATED_OBJC_IMPLEMENTATIONS = YES;
				CLANG_WARN_DIRECT_OBJC_ISA_USAGE = YES_ERROR;
				CLANG_WARN_DOCUMENTATION_COMMENTS = YES;
				CLANG_WARN_EMPTY_BODY = YES;
				CLANG_WARN_ENUM_CONVERSION = YES;
				CLANG_WARN_INFINITE_RECURSION = YES;
				CLANG_WARN_INT_CONVERSION = YES;
				CLANG_WARN_NON_LITERAL_NULL_CONVERSION = YES;
				CLANG_WARN_OBJC_IMPLICIT_RETAIN_SELF = YES;
				CLANG_WARN_OBJC_LITERAL_CONVERSION = YES;
				CLANG_WARN_OBJC_ROOT_CLASS = YES_ERROR;
				CLANG_WARN_QUOTED_INCLUDE_IN_FRAMEWORK_HEADER = YES;
				CLANG_WARN_RANGE_LOOP_ANALYSIS = YES;
				CLANG_WARN_STRICT_PROTOTYPES = YES;
				CLANG_WARN_SUSPICIOUS_MOVE = YES;
				CLANG_WARN_UNGUARDED_AVAILABILITY = YES_AGGRESSIVE;
				CLANG_WARN_UNREACHABLE_CODE = YES;
				CLANG_WARN__DUPLICATE_METHOD_MATCH = YES;
				COPY_PHASE_STRIP = NO;
				DEBUG_INFORMATION_FORMAT = dwarf;
				ENABLE_STRICT_OBJC_MSGSEND = YES;
				ENABLE_TESTABILITY = YES;
				GCC_C_LANGUAGE_STANDARD = gnu11;
				GCC_DYNAMIC_NO_PIC = NO;
				GCC_NO_COMMON_BLOCKS = YES;
				GCC_OPTIMIZATION_LEVEL = 0;
				GCC_PREPROCESSOR_DEFINITIONS = (
					"DEBUG=1",
					"$(inherited)",
				);
				GCC_WARN_64_TO_32_BIT_CONVERSION = YES;
				GCC_WARN_ABOUT_RETURN_TYPE = YES_ERROR;
				GCC_WARN_UNDECLARED_SELECTOR = YES;
				GCC_WARN_UNINITIALIZED_AUTOS = YES_AGGRESSIVE;
				GCC_WARN_UNUSED_FUNCTION = YES;
				GCC_WARN_UNUSED_VARIABLE = YES;
				IPHONEOS_DEPLOYMENT_TARGET = 14.4;
				MTL_ENABLE_DEBUG_INFO = INCLUDE_SOURCE;
				MTL_FAST_MATH = YES;
				ONLY_ACTIVE_ARCH = YES;
				SDKROOT = iphoneos;
				SWIFT_ACTIVE_COMPILATION_CONDITIONS = DEBUG;
				SWIFT_OPTIMIZATION_LEVEL = "-Onone";
			};
			name = Debug;
		};
		239E8EBC2616E38E00AFAF31 /* Release */ = {
			isa = XCBuildConfiguration;
			buildSettings = {
				ALWAYS_SEARCH_USER_PATHS = NO;
				CLANG_ANALYZER_NONNULL = YES;
				CLANG_ANALYZER_NUMBER_OBJECT_CONVERSION = YES_AGGRESSIVE;
				CLANG_CXX_LANGUAGE_STANDARD = "gnu++14";
				CLANG_CXX_LIBRARY = "libc++";
				CLANG_ENABLE_MODULES = YES;
				CLANG_ENABLE_OBJC_ARC = YES;
				CLANG_ENABLE_OBJC_WEAK = YES;
				CLANG_WARN_BLOCK_CAPTURE_AUTORELEASING = YES;
				CLANG_WARN_BOOL_CONVERSION = YES;
				CLANG_WARN_COMMA = YES;
				CLANG_WARN_CONSTANT_CONVERSION = YES;
				CLANG_WARN_DEPRECATED_OBJC_IMPLEMENTATIONS = YES;
				CLANG_WARN_DIRECT_OBJC_ISA_USAGE = YES_ERROR;
				CLANG_WARN_DOCUMENTATION_COMMENTS = YES;
				CLANG_WARN_EMPTY_BODY = YES;
				CLANG_WARN_ENUM_CONVERSION = YES;
				CLANG_WARN_INFINITE_RECURSION = YES;
				CLANG_WARN_INT_CONVERSION = YES;
				CLANG_WARN_NON_LITERAL_NULL_CONVERSION = YES;
				CLANG_WARN_OBJC_IMPLICIT_RETAIN_SELF = YES;
				CLANG_WARN_OBJC_LITERAL_CONVERSION = YES;
				CLANG_WARN_OBJC_ROOT_CLASS = YES_ERROR;
				CLANG_WARN_QUOTED_INCLUDE_IN_FRAMEWORK_HEADER = YES;
				CLANG_WARN_RANGE_LOOP_ANALYSIS = YES;
				CLANG_WARN_STRICT_PROTOTYPES = YES;
				CLANG_WARN_SUSPICIOUS_MOVE = YES;
				CLANG_WARN_UNGUARDED_AVAILABILITY = YES_AGGRESSIVE;
				CLANG_WARN_UNREACHABLE_CODE = YES;
				CLANG_WARN__DUPLICATE_METHOD_MATCH = YES;
				COPY_PHASE_STRIP = NO;
				DEBUG_INFORMATION_FORMAT = "dwarf-with-dsym";
				ENABLE_NS_ASSERTIONS = NO;
				ENABLE_STRICT_OBJC_MSGSEND = YES;
				GCC_C_LANGUAGE_STANDARD = gnu11;
				GCC_NO_COMMON_BLOCKS = YES;
				GCC_WARN_64_TO_32_BIT_CONVERSION = YES;
				GCC_WARN_ABOUT_RETURN_TYPE = YES_ERROR;
				GCC_WARN_UNDECLARED_SELECTOR = YES;
				GCC_WARN_UNINITIALIZED_AUTOS = YES_AGGRESSIVE;
				GCC_WARN_UNUSED_FUNCTION = YES;
				GCC_WARN_UNUSED_VARIABLE = YES;
				IPHONEOS_DEPLOYMENT_TARGET = 14.4;
				MTL_ENABLE_DEBUG_INFO = NO;
				MTL_FAST_MATH = YES;
				SDKROOT = iphoneos;
				SWIFT_COMPILATION_MODE = wholemodule;
				SWIFT_OPTIMIZATION_LEVEL = "-O";
				VALIDATE_PRODUCT = YES;
			};
			name = Release;
		};
		239E8EBE2616E38E00AFAF31 /* Debug */ = {
			isa = XCBuildConfiguration;
			baseConfigurationReference = 6FD54000ACE0CF488A0C3260 /* Pods-CIS195FinalProject.debug.xcconfig */;
			buildSettings = {
				ASSETCATALOG_COMPILER_APPICON_NAME = AppIcon;
				ASSETCATALOG_COMPILER_GLOBAL_ACCENT_COLOR_NAME = AccentColor;
				CODE_SIGN_STYLE = Automatic;
				INFOPLIST_FILE = CIS195FinalProject/Info.plist;
				LD_RUNPATH_SEARCH_PATHS = (
					"$(inherited)",
					"@executable_path/Frameworks",
				);
				PRODUCT_BUNDLE_IDENTIFIER = penn.CIS195FinalProject;
				PRODUCT_NAME = "$(TARGET_NAME)";
				SWIFT_VERSION = 5.0;
				TARGETED_DEVICE_FAMILY = "1,2";
			};
			name = Debug;
		};
		239E8EBF2616E38E00AFAF31 /* Release */ = {
			isa = XCBuildConfiguration;
			baseConfigurationReference = 042E672BDCF4206E3D2233A1 /* Pods-CIS195FinalProject.release.xcconfig */;
			buildSettings = {
				ASSETCATALOG_COMPILER_APPICON_NAME = AppIcon;
				ASSETCATALOG_COMPILER_GLOBAL_ACCENT_COLOR_NAME = AccentColor;
				CODE_SIGN_STYLE = Automatic;
				INFOPLIST_FILE = CIS195FinalProject/Info.plist;
				LD_RUNPATH_SEARCH_PATHS = (
					"$(inherited)",
					"@executable_path/Frameworks",
				);
				PRODUCT_BUNDLE_IDENTIFIER = penn.CIS195FinalProject;
				PRODUCT_NAME = "$(TARGET_NAME)";
				SWIFT_VERSION = 5.0;
				TARGETED_DEVICE_FAMILY = "1,2";
			};
			name = Release;
		};
		239E8EC12616E38E00AFAF31 /* Debug */ = {
			isa = XCBuildConfiguration;
			baseConfigurationReference = 9F440FB2FFC176700CD70E05 /* Pods-CIS195FinalProjectTests.debug.xcconfig */;
			buildSettings = {
				ALWAYS_EMBED_SWIFT_STANDARD_LIBRARIES = YES;
				BUNDLE_LOADER = "$(TEST_HOST)";
				CODE_SIGN_STYLE = Automatic;
				INFOPLIST_FILE = CIS195FinalProjectTests/Info.plist;
				IPHONEOS_DEPLOYMENT_TARGET = 14.4;
				LD_RUNPATH_SEARCH_PATHS = (
					"$(inherited)",
					"@executable_path/Frameworks",
					"@loader_path/Frameworks",
				);
				PRODUCT_BUNDLE_IDENTIFIER = penn.CIS195FinalProjectTests;
				PRODUCT_NAME = "$(TARGET_NAME)";
				SWIFT_VERSION = 5.0;
				TARGETED_DEVICE_FAMILY = "1,2";
				TEST_HOST = "$(BUILT_PRODUCTS_DIR)/CIS195FinalProject.app/CIS195FinalProject";
			};
			name = Debug;
		};
		239E8EC22616E38E00AFAF31 /* Release */ = {
			isa = XCBuildConfiguration;
			baseConfigurationReference = 24D5EDCF7E2593820CB674D3 /* Pods-CIS195FinalProjectTests.release.xcconfig */;
			buildSettings = {
				ALWAYS_EMBED_SWIFT_STANDARD_LIBRARIES = YES;
				BUNDLE_LOADER = "$(TEST_HOST)";
				CODE_SIGN_STYLE = Automatic;
				INFOPLIST_FILE = CIS195FinalProjectTests/Info.plist;
				IPHONEOS_DEPLOYMENT_TARGET = 14.4;
				LD_RUNPATH_SEARCH_PATHS = (
					"$(inherited)",
					"@executable_path/Frameworks",
					"@loader_path/Frameworks",
				);
				PRODUCT_BUNDLE_IDENTIFIER = penn.CIS195FinalProjectTests;
				PRODUCT_NAME = "$(TARGET_NAME)";
				SWIFT_VERSION = 5.0;
				TARGETED_DEVICE_FAMILY = "1,2";
				TEST_HOST = "$(BUILT_PRODUCTS_DIR)/CIS195FinalProject.app/CIS195FinalProject";
			};
			name = Release;
		};
		239E8EC42616E38E00AFAF31 /* Debug */ = {
			isa = XCBuildConfiguration;
			baseConfigurationReference = 45EF37CC586C040DF1FD065E /* Pods-CIS195FinalProject-CIS195FinalProjectUITests.debug.xcconfig */;
			buildSettings = {
				ALWAYS_EMBED_SWIFT_STANDARD_LIBRARIES = YES;
				CODE_SIGN_STYLE = Automatic;
				INFOPLIST_FILE = CIS195FinalProjectUITests/Info.plist;
				LD_RUNPATH_SEARCH_PATHS = (
					"$(inherited)",
					"@executable_path/Frameworks",
					"@loader_path/Frameworks",
				);
				PRODUCT_BUNDLE_IDENTIFIER = penn.CIS195FinalProjectUITests;
				PRODUCT_NAME = "$(TARGET_NAME)";
				SWIFT_VERSION = 5.0;
				TARGETED_DEVICE_FAMILY = "1,2";
				TEST_TARGET_NAME = CIS195FinalProject;
			};
			name = Debug;
		};
		239E8EC52616E38E00AFAF31 /* Release */ = {
			isa = XCBuildConfiguration;
			baseConfigurationReference = FE4D84E16F732B8A42ADBF97 /* Pods-CIS195FinalProject-CIS195FinalProjectUITests.release.xcconfig */;
			buildSettings = {
				ALWAYS_EMBED_SWIFT_STANDARD_LIBRARIES = YES;
				CODE_SIGN_STYLE = Automatic;
				INFOPLIST_FILE = CIS195FinalProjectUITests/Info.plist;
				LD_RUNPATH_SEARCH_PATHS = (
					"$(inherited)",
					"@executable_path/Frameworks",
					"@loader_path/Frameworks",
				);
				PRODUCT_BUNDLE_IDENTIFIER = penn.CIS195FinalProjectUITests;
				PRODUCT_NAME = "$(TARGET_NAME)";
				SWIFT_VERSION = 5.0;
				TARGETED_DEVICE_FAMILY = "1,2";
				TEST_TARGET_NAME = CIS195FinalProject;
			};
			name = Release;
		};
/* End XCBuildConfiguration section */

/* Begin XCConfigurationList section */
		239E8E8E2616E38B00AFAF31 /* Build configuration list for PBXProject "CIS195FinalProject" */ = {
			isa = XCConfigurationList;
			buildConfigurations = (
				239E8EBB2616E38E00AFAF31 /* Debug */,
				239E8EBC2616E38E00AFAF31 /* Release */,
			);
			defaultConfigurationIsVisible = 0;
			defaultConfigurationName = Release;
		};
		239E8EBD2616E38E00AFAF31 /* Build configuration list for PBXNativeTarget "CIS195FinalProject" */ = {
			isa = XCConfigurationList;
			buildConfigurations = (
				239E8EBE2616E38E00AFAF31 /* Debug */,
				239E8EBF2616E38E00AFAF31 /* Release */,
			);
			defaultConfigurationIsVisible = 0;
			defaultConfigurationName = Release;
		};
		239E8EC02616E38E00AFAF31 /* Build configuration list for PBXNativeTarget "CIS195FinalProjectTests" */ = {
			isa = XCConfigurationList;
			buildConfigurations = (
				239E8EC12616E38E00AFAF31 /* Debug */,
				239E8EC22616E38E00AFAF31 /* Release */,
			);
			defaultConfigurationIsVisible = 0;
			defaultConfigurationName = Release;
		};
		239E8EC32616E38E00AFAF31 /* Build configuration list for PBXNativeTarget "CIS195FinalProjectUITests" */ = {
			isa = XCConfigurationList;
			buildConfigurations = (
				239E8EC42616E38E00AFAF31 /* Debug */,
				239E8EC52616E38E00AFAF31 /* Release */,
			);
			defaultConfigurationIsVisible = 0;
			defaultConfigurationName = Release;
		};
/* End XCConfigurationList section */
	};
	rootObject = 239E8E8B2616E38B00AFAF31 /* Project object */;
}
